// !$*UTF8*$!
{
	archiveVersion = 1;
	classes = {
	};
	objectVersion = 77;
	objects = {

/* Begin PBXBuildFile section */
		0D372F83BAD57D06DC7E7609 /* SidebarNav.swift in Sources */ = {isa = PBXBuildFile; fileRef = 37F1C2432C0D4D141177E924 /* SidebarNav.swift */; };
		12390E8A58154F18DD7F2651 /* AddArticleSheet.swift in Sources */ = {isa = PBXBuildFile; fileRef = A75BDB9C227E6F1AD69B1E58 /* AddArticleSheet.swift */; };
		261DD2DC560625D878937420 /* Surfaces.swift in Sources */ = {isa = PBXBuildFile; fileRef = 85DA939AA6CCFFB56D59EEB2 /* Surfaces.swift */; };
		2D31503655A5CE949308E619 /* Colors.swift in Sources */ = {isa = PBXBuildFile; fileRef = 0FFC365912AAB6D21D57E62B /* Colors.swift */; };
		2DA4FCB8D97445A6F3F0C548 /* InlineThreadCard.swift in Sources */ = {isa = PBXBuildFile; fileRef = F806AF2E283CF9A26D10D70B /* InlineThreadCard.swift */; };
		30E830D81A664CEE3CFD6D19 /* WhetstoneCore in Frameworks */ = {isa = PBXBuildFile; productRef = 0E37FC53A24048B0A0B14560 /* WhetstoneCore */; };
		31707DEF6FE69074388BB400 /* Buttons.swift in Sources */ = {isa = PBXBuildFile; fileRef = 10F4CCB783DA27E190848B5B /* Buttons.swift */; };
		31F18074795C279A8C86EE9E /* Motion.swift in Sources */ = {isa = PBXBuildFile; fileRef = 9554E034EC7FD0F443B42C0D /* Motion.swift */; };
		32136513B431F549F11A1ABF /* WorkspaceView.swift in Sources */ = {isa = PBXBuildFile; fileRef = 30D25F1DD372B951898EA9BC /* WorkspaceView.swift */; };
		4877C0192306744EFA031EA8 /* ContinueReadingHero.swift in Sources */ = {isa = PBXBuildFile; fileRef = 29940681D772E563048E9994 /* ContinueReadingHero.swift */; };
		4D4347A0BAAC2F67DDD377D9 /* SelectionActionPopover.swift in Sources */ = {isa = PBXBuildFile; fileRef = BB791305B6ED41DBB4961CB1 /* SelectionActionPopover.swift */; };
		4F3A4743890093F1CE4420BC /* BrutalistTextView.swift in Sources */ = {isa = PBXBuildFile; fileRef = 55201CB2A7C87A616B775EBF /* BrutalistTextView.swift */; };
		6A6B74A047056B98B491D5A0 /* Readability.js in Resources */ = {isa = PBXBuildFile; fileRef = 744CC4170B6ADA72588F05BD /* Readability.js */; };
		72C74C733C718473625455B7 /* Services.swift in Sources */ = {isa = PBXBuildFile; fileRef = B9F8AA06F54F4F9D1C4BEAEE /* Services.swift */; };
		731B72C15A166424604F1710 /* Palette.swift in Sources */ = {isa = PBXBuildFile; fileRef = E746F2188E56AA34CE142BEE /* Palette.swift */; };
		7A660042089A82CFD1AC4B81 /* LibraryHome.swift in Sources */ = {isa = PBXBuildFile; fileRef = 31DB1AD1474980CC2D41B908 /* LibraryHome.swift */; };
		7BB6F1F5C17227ECB764580F /* RootView.swift in Sources */ = {isa = PBXBuildFile; fileRef = 10FF3EEC047B25F697F250CE /* RootView.swift */; };
		8070D05C723C157FD27A54A8 /* ArticleListSidebar.swift in Sources */ = {isa = PBXBuildFile; fileRef = 6AEF7352CD0043511C9DA2CC /* ArticleListSidebar.swift */; };
		8206008CECFC04AE1AA68270 /* Typography.swift in Sources */ = {isa = PBXBuildFile; fileRef = 5036684D5E118FEEB1D8AA7C /* Typography.swift */; };
		8430D79BD47570F717C6441F /* MessageListView.swift in Sources */ = {isa = PBXBuildFile; fileRef = 5F4E875534DA1AAF4C36931F /* MessageListView.swift */; };
		84E84F6A20A3FC317A8F4D8A /* MarkdownToAttributed.swift in Sources */ = {isa = PBXBuildFile; fileRef = F02CAA5836DBA916D520504A /* MarkdownToAttributed.swift */; };
		94B319CFAF07316F4F31C180 /* ReaderPane.swift in Sources */ = {isa = PBXBuildFile; fileRef = C6CCC7F8A3F2E459EA5048FD /* ReaderPane.swift */; };
		9912A523A3B6F5E0FD3349EA /* ConceptCardView.swift in Sources */ = {isa = PBXBuildFile; fileRef = A24EFBBCCC763A2105F25576 /* ConceptCardView.swift */; };
		9D1A16DA6FCB841B579E45B7 /* InlineThreadBubble.swift in Sources */ = {isa = PBXBuildFile; fileRef = 9B8AA153373E5A5C2147BB25 /* InlineThreadBubble.swift */; };
		A13F3CB5752F6C5CA02D5059 /* QuizResultCard.swift in Sources */ = {isa = PBXBuildFile; fileRef = 4FA71EDDB7303E49BE36905E /* QuizResultCard.swift */; };
		A2885CE61EE667C8653E0A90 /* ChatInputView.swift in Sources */ = {isa = PBXBuildFile; fileRef = 3E4CF8D6E7A59A1FBC6BA9D0 /* ChatInputView.swift */; };
		B1EA9AAFE79A70E1970D8C8A /* OnboardingView.swift in Sources */ = {isa = PBXBuildFile; fileRef = C575F7BAFF7C220F3D44F12E /* OnboardingView.swift */; };
		B6093F5EEFD6CC01687AF318 /* ArticleExtractor.swift in Sources */ = {isa = PBXBuildFile; fileRef = 1C95592D92FC1EEECC22D6B6 /* ArticleExtractor.swift */; };
		B69D2F7E3DEA973463D45553 /* SettingsView.swift in Sources */ = {isa = PBXBuildFile; fileRef = 5C4B6B1592DF8CC8F4838BD1 /* SettingsView.swift */; };
		B84FD7032C0C7C60A8B3E537 /* Sparkle in Frameworks */ = {isa = PBXBuildFile; productRef = 6735A56D04DB2339F919E8AC /* Sparkle */; };
		C5B4B5DEBD04ED2519823201 /* ArticleRowCard.swift in Sources */ = {isa = PBXBuildFile; fileRef = F222D02E7F56695050A760FD /* ArticleRowCard.swift */; };
		C814958B9BE9B868CD43A0E4 /* LibraryCard.swift in Sources */ = {isa = PBXBuildFile; fileRef = B9C5048488C27B254FD5F209 /* LibraryCard.swift */; };
		CC719A3D10136A6D4C1BB96D /* WhetstoneApp.swift in Sources */ = {isa = PBXBuildFile; fileRef = 75EAA13F1CEFC833316A3C43 /* WhetstoneApp.swift */; };
		CCC238F406915232794D8E70 /* KeychainStore.swift in Sources */ = {isa = PBXBuildFile; fileRef = 4E25C492806C814FA0DF0273 /* KeychainStore.swift */; };
		D82C61805132EB222BB78BE2 /* ArticleBodyView.swift in Sources */ = {isa = PBXBuildFile; fileRef = 81F54D8F83E5FE56B7758BE4 /* ArticleBodyView.swift */; };
		E0172CDFE56ECB354669C4EC /* AIPane.swift in Sources */ = {isa = PBXBuildFile; fileRef = C2642B310BE7538FB49979AE /* AIPane.swift */; };
		E0274EBD7CD13FE2761A8F43 /* InlineThreadBus.swift in Sources */ = {isa = PBXBuildFile; fileRef = 76524BC13DFB13C5EB3608FE /* InlineThreadBus.swift */; };
		E170B4B4430A1933E7A06A88 /* Assets.xcassets in Resources */ = {isa = PBXBuildFile; fileRef = 157C6D506EB122AEC79AC5D0 /* Assets.xcassets */; };
		F280294C9F7C8134D4A55FFF /* StatusControls.swift in Sources */ = {isa = PBXBuildFile; fileRef = E18E1F11CB375CBAE8B62C26 /* StatusControls.swift */; };
		F9FFF72575C4D91C873C650E /* ArticleDisplay.swift in Sources */ = {isa = PBXBuildFile; fileRef = 4807F160E0E6AC1EF64CEEAB /* ArticleDisplay.swift */; };
		FF28A0E5AC14C1480C49554E /* AppCursor.swift in Sources */ = {isa = PBXBuildFile; fileRef = 2BBD7B5079B00709F3776DCD /* AppCursor.swift */; };
/* End PBXBuildFile section */

/* Begin PBXFileReference section */
		0FFC365912AAB6D21D57E62B /* Colors.swift */ = {isa = PBXFileReference; lastKnownFileType = sourcecode.swift; path = Colors.swift; sourceTree = "<group>"; };
		10F4CCB783DA27E190848B5B /* Buttons.swift */ = {isa = PBXFileReference; lastKnownFileType = sourcecode.swift; path = Buttons.swift; sourceTree = "<group>"; };
		10FF3EEC047B25F697F250CE /* RootView.swift */ = {isa = PBXFileReference; lastKnownFileType = sourcecode.swift; path = RootView.swift; sourceTree = "<group>"; };
		157C6D506EB122AEC79AC5D0 /* Assets.xcassets */ = {isa = PBXFileReference; lastKnownFileType = folder.assetcatalog; path = Assets.xcassets; sourceTree = "<group>"; };
		1C95592D92FC1EEECC22D6B6 /* ArticleExtractor.swift */ = {isa = PBXFileReference; lastKnownFileType = sourcecode.swift; path = ArticleExtractor.swift; sourceTree = "<group>"; };
		29940681D772E563048E9994 /* ContinueReadingHero.swift */ = {isa = PBXFileReference; lastKnownFileType = sourcecode.swift; path = ContinueReadingHero.swift; sourceTree = "<group>"; };
		2BBD7B5079B00709F3776DCD /* AppCursor.swift */ = {isa = PBXFileReference; lastKnownFileType = sourcecode.swift; path = AppCursor.swift; sourceTree = "<group>"; };
		30D25F1DD372B951898EA9BC /* WorkspaceView.swift */ = {isa = PBXFileReference; lastKnownFileType = sourcecode.swift; path = WorkspaceView.swift; sourceTree = "<group>"; };
		31DB1AD1474980CC2D41B908 /* LibraryHome.swift */ = {isa = PBXFileReference; lastKnownFileType = sourcecode.swift; path = LibraryHome.swift; sourceTree = "<group>"; };
		37F1C2432C0D4D141177E924 /* SidebarNav.swift */ = {isa = PBXFileReference; lastKnownFileType = sourcecode.swift; path = SidebarNav.swift; sourceTree = "<group>"; };
		3E4CF8D6E7A59A1FBC6BA9D0 /* ChatInputView.swift */ = {isa = PBXFileReference; lastKnownFileType = sourcecode.swift; path = ChatInputView.swift; sourceTree = "<group>"; };
		4807F160E0E6AC1EF64CEEAB /* ArticleDisplay.swift */ = {isa = PBXFileReference; lastKnownFileType = sourcecode.swift; path = ArticleDisplay.swift; sourceTree = "<group>"; };
		4E25C492806C814FA0DF0273 /* KeychainStore.swift */ = {isa = PBXFileReference; lastKnownFileType = sourcecode.swift; path = KeychainStore.swift; sourceTree = "<group>"; };
		4FA71EDDB7303E49BE36905E /* QuizResultCard.swift */ = {isa = PBXFileReference; lastKnownFileType = sourcecode.swift; path = QuizResultCard.swift; sourceTree = "<group>"; };
		5036684D5E118FEEB1D8AA7C /* Typography.swift */ = {isa = PBXFileReference; lastKnownFileType = sourcecode.swift; path = Typography.swift; sourceTree = "<group>"; };
		55201CB2A7C87A616B775EBF /* BrutalistTextView.swift */ = {isa = PBXFileReference; lastKnownFileType = sourcecode.swift; path = BrutalistTextView.swift; sourceTree = "<group>"; };
		5C4B6B1592DF8CC8F4838BD1 /* SettingsView.swift */ = {isa = PBXFileReference; lastKnownFileType = sourcecode.swift; path = SettingsView.swift; sourceTree = "<group>"; };
		5F4E875534DA1AAF4C36931F /* MessageListView.swift */ = {isa = PBXFileReference; lastKnownFileType = sourcecode.swift; path = MessageListView.swift; sourceTree = "<group>"; };
		6AEF7352CD0043511C9DA2CC /* ArticleListSidebar.swift */ = {isa = PBXFileReference; lastKnownFileType = sourcecode.swift; path = ArticleListSidebar.swift; sourceTree = "<group>"; };
		744CC4170B6ADA72588F05BD /* Readability.js */ = {isa = PBXFileReference; lastKnownFileType = sourcecode.javascript; path = Readability.js; sourceTree = "<group>"; };
		75EAA13F1CEFC833316A3C43 /* WhetstoneApp.swift */ = {isa = PBXFileReference; lastKnownFileType = sourcecode.swift; path = WhetstoneApp.swift; sourceTree = "<group>"; };
		76524BC13DFB13C5EB3608FE /* InlineThreadBus.swift */ = {isa = PBXFileReference; lastKnownFileType = sourcecode.swift; path = InlineThreadBus.swift; sourceTree = "<group>"; };
		81F54D8F83E5FE56B7758BE4 /* ArticleBodyView.swift */ = {isa = PBXFileReference; lastKnownFileType = sourcecode.swift; path = ArticleBodyView.swift; sourceTree = "<group>"; };
		85DA939AA6CCFFB56D59EEB2 /* Surfaces.swift */ = {isa = PBXFileReference; lastKnownFileType = sourcecode.swift; path = Surfaces.swift; sourceTree = "<group>"; };
		9554E034EC7FD0F443B42C0D /* Motion.swift */ = {isa = PBXFileReference; lastKnownFileType = sourcecode.swift; path = Motion.swift; sourceTree = "<group>"; };
		95D9E3C26BE04786148D427E /* WhetstoneCore */ = {isa = PBXFileReference; lastKnownFileType = folder; name = WhetstoneCore; path = Packages/WhetstoneCore; sourceTree = SOURCE_ROOT; };
		9B8AA153373E5A5C2147BB25 /* InlineThreadBubble.swift */ = {isa = PBXFileReference; lastKnownFileType = sourcecode.swift; path = InlineThreadBubble.swift; sourceTree = "<group>"; };
		A24EFBBCCC763A2105F25576 /* ConceptCardView.swift */ = {isa = PBXFileReference; lastKnownFileType = sourcecode.swift; path = ConceptCardView.swift; sourceTree = "<group>"; };
		A75BDB9C227E6F1AD69B1E58 /* AddArticleSheet.swift */ = {isa = PBXFileReference; lastKnownFileType = sourcecode.swift; path = AddArticleSheet.swift; sourceTree = "<group>"; };
		B9C5048488C27B254FD5F209 /* LibraryCard.swift */ = {isa = PBXFileReference; lastKnownFileType = sourcecode.swift; path = LibraryCard.swift; sourceTree = "<group>"; };
		B9F8AA06F54F4F9D1C4BEAEE /* Services.swift */ = {isa = PBXFileReference; lastKnownFileType = sourcecode.swift; path = Services.swift; sourceTree = "<group>"; };
		BB791305B6ED41DBB4961CB1 /* SelectionActionPopover.swift */ = {isa = PBXFileReference; lastKnownFileType = sourcecode.swift; path = SelectionActionPopover.swift; sourceTree = "<group>"; };
		C2642B310BE7538FB49979AE /* AIPane.swift */ = {isa = PBXFileReference; lastKnownFileType = sourcecode.swift; path = AIPane.swift; sourceTree = "<group>"; };
		C575F7BAFF7C220F3D44F12E /* OnboardingView.swift */ = {isa = PBXFileReference; lastKnownFileType = sourcecode.swift; path = OnboardingView.swift; sourceTree = "<group>"; };
		C6CCC7F8A3F2E459EA5048FD /* ReaderPane.swift */ = {isa = PBXFileReference; lastKnownFileType = sourcecode.swift; path = ReaderPane.swift; sourceTree = "<group>"; };
		DEBED77120E4C0DFFCC0DDA4 /* Whetstone.app */ = {isa = PBXFileReference; explicitFileType = wrapper.application; includeInIndex = 0; path = Whetstone.app; sourceTree = BUILT_PRODUCTS_DIR; };
		E18E1F11CB375CBAE8B62C26 /* StatusControls.swift */ = {isa = PBXFileReference; lastKnownFileType = sourcecode.swift; path = StatusControls.swift; sourceTree = "<group>"; };
		E746F2188E56AA34CE142BEE /* Palette.swift */ = {isa = PBXFileReference; lastKnownFileType = sourcecode.swift; path = Palette.swift; sourceTree = "<group>"; };
		F02CAA5836DBA916D520504A /* MarkdownToAttributed.swift */ = {isa = PBXFileReference; lastKnownFileType = sourcecode.swift; path = MarkdownToAttributed.swift; sourceTree = "<group>"; };
		F222D02E7F56695050A760FD /* ArticleRowCard.swift */ = {isa = PBXFileReference; lastKnownFileType = sourcecode.swift; path = ArticleRowCard.swift; sourceTree = "<group>"; };
		F806AF2E283CF9A26D10D70B /* InlineThreadCard.swift */ = {isa = PBXFileReference; lastKnownFileType = sourcecode.swift; path = InlineThreadCard.swift; sourceTree = "<group>"; };
/* End PBXFileReference section */

/* Begin PBXFrameworksBuildPhase section */
		EE519756C9A9FFC7C98040EB /* Frameworks */ = {
			isa = PBXFrameworksBuildPhase;
			buildActionMask = 2147483647;
			files = (
				B84FD7032C0C7C60A8B3E537 /* Sparkle in Frameworks */,
				30E830D81A664CEE3CFD6D19 /* WhetstoneCore in Frameworks */,
			);
			runOnlyForDeploymentPostprocessing = 0;
		};
/* End PBXFrameworksBuildPhase section */

/* Begin PBXGroup section */
		03476FD0B9E2F80C6F6D353F /* Packages */ = {
			isa = PBXGroup;
			children = (
				95D9E3C26BE04786148D427E /* WhetstoneCore */,
			);
			path = Packages;
			sourceTree = "<group>";
		};
		0782E7D50C8A75086CEBECB1 /* Models */ = {
			isa = PBXGroup;
			children = (
			);
			path = Models;
			sourceTree = "<group>";
		};
		0D5B2A3586251AEF2C1611D1 /* Sidebar */ = {
			isa = PBXGroup;
			children = (
				6AEF7352CD0043511C9DA2CC /* ArticleListSidebar.swift */,
				F222D02E7F56695050A760FD /* ArticleRowCard.swift */,
				37F1C2432C0D4D141177E924 /* SidebarNav.swift */,
			);
			path = Sidebar;
			sourceTree = "<group>";
		};
		1844171A0F40F4683AF39AAE /* ArticleBody */ = {
			isa = PBXGroup;
			children = (
				81F54D8F83E5FE56B7758BE4 /* ArticleBodyView.swift */,
				55201CB2A7C87A616B775EBF /* BrutalistTextView.swift */,
				9B8AA153373E5A5C2147BB25 /* InlineThreadBubble.swift */,
				F806AF2E283CF9A26D10D70B /* InlineThreadCard.swift */,
				F02CAA5836DBA916D520504A /* MarkdownToAttributed.swift */,
			);
			path = ArticleBody;
			sourceTree = "<group>";
		};
		37C25196147A162A5803E237 /* Views */ = {
			isa = PBXGroup;
			children = (
				95BB7BCFC6D63720A739CC1F /* AIPane */,
				1844171A0F40F4683AF39AAE /* ArticleBody */,
				9B3D50AE2ABF21EC1C8A1EF2 /* Home */,
				7FDC8BB7F4382EAE86328875 /* Library */,
				0D5B2A3586251AEF2C1611D1 /* Sidebar */,
				C2642B310BE7538FB49979AE /* AIPane.swift */,
				4807F160E0E6AC1EF64CEEAB /* ArticleDisplay.swift */,
				C575F7BAFF7C220F3D44F12E /* OnboardingView.swift */,
				C6CCC7F8A3F2E459EA5048FD /* ReaderPane.swift */,
				10FF3EEC047B25F697F250CE /* RootView.swift */,
				BB791305B6ED41DBB4961CB1 /* SelectionActionPopover.swift */,
				5C4B6B1592DF8CC8F4838BD1 /* SettingsView.swift */,
				30D25F1DD372B951898EA9BC /* WorkspaceView.swift */,
			);
			path = Views;
			sourceTree = "<group>";
		};
		3A957DBE30BD779140441751 /* Whetstone */ = {
			isa = PBXGroup;
			children = (
				F77E47E39D3603FC4A6CF316 /* App */,
				0782E7D50C8A75086CEBECB1 /* Models */,
				E3879238DE3CF30514ADE686 /* Resources */,
				FD8EBF9F1BDE3D18DB7C4724 /* Services */,
				EB3D30CD9919A07C0293C4C7 /* Theme */,
				37C25196147A162A5803E237 /* Views */,
			);
			path = Whetstone;
			sourceTree = "<group>";
		};
		4FAFB315ACFDAC6C25F60669 = {
			isa = PBXGroup;
			children = (
				03476FD0B9E2F80C6F6D353F /* Packages */,
				3A957DBE30BD779140441751 /* Whetstone */,
				F2F6481CEA8CE48EF99A962F /* Products */,
			);
			sourceTree = "<group>";
		};
		7FDC8BB7F4382EAE86328875 /* Library */ = {
			isa = PBXGroup;
			children = (
				A75BDB9C227E6F1AD69B1E58 /* AddArticleSheet.swift */,
				E18E1F11CB375CBAE8B62C26 /* StatusControls.swift */,
			);
			path = Library;
			sourceTree = "<group>";
		};
		95BB7BCFC6D63720A739CC1F /* AIPane */ = {
			isa = PBXGroup;
			children = (
				3E4CF8D6E7A59A1FBC6BA9D0 /* ChatInputView.swift */,
				A24EFBBCCC763A2105F25576 /* ConceptCardView.swift */,
				5F4E875534DA1AAF4C36931F /* MessageListView.swift */,
				4FA71EDDB7303E49BE36905E /* QuizResultCard.swift */,
			);
			path = AIPane;
			sourceTree = "<group>";
		};
		9B3D50AE2ABF21EC1C8A1EF2 /* Home */ = {
			isa = PBXGroup;
			children = (
				29940681D772E563048E9994 /* ContinueReadingHero.swift */,
				B9C5048488C27B254FD5F209 /* LibraryCard.swift */,
				31DB1AD1474980CC2D41B908 /* LibraryHome.swift */,
			);
			path = Home;
			sourceTree = "<group>";
		};
		E3879238DE3CF30514ADE686 /* Resources */ = {
			isa = PBXGroup;
			children = (
				157C6D506EB122AEC79AC5D0 /* Assets.xcassets */,
				744CC4170B6ADA72588F05BD /* Readability.js */,
			);
			path = Resources;
			sourceTree = "<group>";
		};
		EB3D30CD9919A07C0293C4C7 /* Theme */ = {
			isa = PBXGroup;
			children = (
				2BBD7B5079B00709F3776DCD /* AppCursor.swift */,
				10F4CCB783DA27E190848B5B /* Buttons.swift */,
				0FFC365912AAB6D21D57E62B /* Colors.swift */,
				9554E034EC7FD0F443B42C0D /* Motion.swift */,
				E746F2188E56AA34CE142BEE /* Palette.swift */,
				85DA939AA6CCFFB56D59EEB2 /* Surfaces.swift */,
				5036684D5E118FEEB1D8AA7C /* Typography.swift */,
			);
			path = Theme;
			sourceTree = "<group>";
		};
		F2F6481CEA8CE48EF99A962F /* Products */ = {
			isa = PBXGroup;
			children = (
				DEBED77120E4C0DFFCC0DDA4 /* Whetstone.app */,
			);
			name = Products;
			sourceTree = "<group>";
		};
		F77E47E39D3603FC4A6CF316 /* App */ = {
			isa = PBXGroup;
			children = (
				76524BC13DFB13C5EB3608FE /* InlineThreadBus.swift */,
				75EAA13F1CEFC833316A3C43 /* WhetstoneApp.swift */,
			);
			path = App;
			sourceTree = "<group>";
		};
		FD8EBF9F1BDE3D18DB7C4724 /* Services */ = {
			isa = PBXGroup;
			children = (
				1C95592D92FC1EEECC22D6B6 /* ArticleExtractor.swift */,
				4E25C492806C814FA0DF0273 /* KeychainStore.swift */,
				B9F8AA06F54F4F9D1C4BEAEE /* Services.swift */,
			);
			path = Services;
			sourceTree = "<group>";
		};
/* End PBXGroup section */

/* Begin PBXNativeTarget section */
		0F47FFBA5B97E31EE0F8850F /* Whetstone */ = {
			isa = PBXNativeTarget;
			buildConfigurationList = 3C13CC613A91C5C0A146B522 /* Build configuration list for PBXNativeTarget "Whetstone" */;
			buildPhases = (
				B81100EEF43721919C4B1151 /* Sources */,
				E1915F417246B9F414D183DF /* Resources */,
				EE519756C9A9FFC7C98040EB /* Frameworks */,
			);
			buildRules = (
			);
			dependencies = (
			);
			name = Whetstone;
			packageProductDependencies = (
				6735A56D04DB2339F919E8AC /* Sparkle */,
				0E37FC53A24048B0A0B14560 /* WhetstoneCore */,
			);
			productName = Whetstone;
			productReference = DEBED77120E4C0DFFCC0DDA4 /* Whetstone.app */;
			productType = "com.apple.product-type.application";
		};
/* End PBXNativeTarget section */

/* Begin PBXProject section */
		CE3455D8F877486C2502E878 /* Project object */ = {
			isa = PBXProject;
			attributes = {
				BuildIndependentTargetsInParallel = YES;
				LastUpgradeCheck = 1430;
				TargetAttributes = {
					0F47FFBA5B97E31EE0F8850F = {
						DevelopmentTeam = "";
						ProvisioningStyle = Automatic;
					};
				};
			};
			buildConfigurationList = CB3C2F07906A93787F9C364A /* Build configuration list for PBXProject "Whetstone" */;
			developmentRegion = en;
			hasScannedForEncodings = 0;
			knownRegions = (
				Base,
				en,
			);
			mainGroup = 4FAFB315ACFDAC6C25F60669;
			minimizedProjectReferenceProxies = 1;
			packageReferences = (
				CBA9AA904683F04CC07A63FF /* XCRemoteSwiftPackageReference "Sparkle" */,
				5AFD1A85CB146DC4C98C3C15 /* XCLocalSwiftPackageReference "Packages/WhetstoneCore" */,
			);
			preferredProjectObjectVersion = 77;
			productRefGroup = F2F6481CEA8CE48EF99A962F /* Products */;
			projectDirPath = "";
			projectRoot = "";
			targets = (
				0F47FFBA5B97E31EE0F8850F /* Whetstone */,
			);
		};
/* End PBXProject section */

/* Begin PBXResourcesBuildPhase section */
		E1915F417246B9F414D183DF /* Resources */ = {
			isa = PBXResourcesBuildPhase;
			buildActionMask = 2147483647;
			files = (
				E170B4B4430A1933E7A06A88 /* Assets.xcassets in Resources */,
				6A6B74A047056B98B491D5A0 /* Readability.js in Resources */,
			);
			runOnlyForDeploymentPostprocessing = 0;
		};
/* End PBXResourcesBuildPhase section */

/* Begin PBXSourcesBuildPhase section */
		B81100EEF43721919C4B1151 /* Sources */ = {
			isa = PBXSourcesBuildPhase;
			buildActionMask = 2147483647;
			files = (
				E0172CDFE56ECB354669C4EC /* AIPane.swift in Sources */,
				12390E8A58154F18DD7F2651 /* AddArticleSheet.swift in Sources */,
				FF28A0E5AC14C1480C49554E /* AppCursor.swift in Sources */,
				D82C61805132EB222BB78BE2 /* ArticleBodyView.swift in Sources */,
				F9FFF72575C4D91C873C650E /* ArticleDisplay.swift in Sources */,
				B6093F5EEFD6CC01687AF318 /* ArticleExtractor.swift in Sources */,
				8070D05C723C157FD27A54A8 /* ArticleListSidebar.swift in Sources */,
				C5B4B5DEBD04ED2519823201 /* ArticleRowCard.swift in Sources */,
				4F3A4743890093F1CE4420BC /* BrutalistTextView.swift in Sources */,
				31707DEF6FE69074388BB400 /* Buttons.swift in Sources */,
				A2885CE61EE667C8653E0A90 /* ChatInputView.swift in Sources */,
				2D31503655A5CE949308E619 /* Colors.swift in Sources */,
				9912A523A3B6F5E0FD3349EA /* ConceptCardView.swift in Sources */,
				4877C0192306744EFA031EA8 /* ContinueReadingHero.swift in Sources */,
				9D1A16DA6FCB841B579E45B7 /* InlineThreadBubble.swift in Sources */,
				E0274EBD7CD13FE2761A8F43 /* InlineThreadBus.swift in Sources */,
				2DA4FCB8D97445A6F3F0C548 /* InlineThreadCard.swift in Sources */,
				CCC238F406915232794D8E70 /* KeychainStore.swift in Sources */,
				C814958B9BE9B868CD43A0E4 /* LibraryCard.swift in Sources */,
				7A660042089A82CFD1AC4B81 /* LibraryHome.swift in Sources */,
				84E84F6A20A3FC317A8F4D8A /* MarkdownToAttributed.swift in Sources */,
				8430D79BD47570F717C6441F /* MessageListView.swift in Sources */,
				31F18074795C279A8C86EE9E /* Motion.swift in Sources */,
				B1EA9AAFE79A70E1970D8C8A /* OnboardingView.swift in Sources */,
				731B72C15A166424604F1710 /* Palette.swift in Sources */,
				A13F3CB5752F6C5CA02D5059 /* QuizResultCard.swift in Sources */,
				94B319CFAF07316F4F31C180 /* ReaderPane.swift in Sources */,
				7BB6F1F5C17227ECB764580F /* RootView.swift in Sources */,
				4D4347A0BAAC2F67DDD377D9 /* SelectionActionPopover.swift in Sources */,
				72C74C733C718473625455B7 /* Services.swift in Sources */,
				B69D2F7E3DEA973463D45553 /* SettingsView.swift in Sources */,
				0D372F83BAD57D06DC7E7609 /* SidebarNav.swift in Sources */,
				F280294C9F7C8134D4A55FFF /* StatusControls.swift in Sources */,
				261DD2DC560625D878937420 /* Surfaces.swift in Sources */,
				8206008CECFC04AE1AA68270 /* Typography.swift in Sources */,
				CC719A3D10136A6D4C1BB96D /* WhetstoneApp.swift in Sources */,
				32136513B431F549F11A1ABF /* WorkspaceView.swift in Sources */,
			);
			runOnlyForDeploymentPostprocessing = 0;
		};
/* End PBXSourcesBuildPhase section */

/* Begin XCBuildConfiguration section */
		3E84CC8CA80DEFF836D6DED2 /* Debug */ = {
			isa = XCBuildConfiguration;
			buildSettings = {
				ASSETCATALOG_COMPILER_APPICON_NAME = AppIcon;
				ASSETCATALOG_COMPILER_GLOBAL_ACCENT_COLOR_NAME = AccentColor;
				CODE_SIGN_ENTITLEMENTS = Whetstone/Whetstone.entitlements;
				COMBINE_HIDPI_IMAGES = YES;
				CURRENT_PROJECT_VERSION = 1;
				ENABLE_HARDENED_RUNTIME = YES;
				ENABLE_PREVIEWS = YES;
				INFOPLIST_FILE = Whetstone/Info.plist;
				LD_RUNPATH_SEARCH_PATHS = (
					"$(inherited)",
					"@executable_path/../Frameworks",
				);
				MACOSX_DEPLOYMENT_TARGET = 26.0;
				MARKETING_VERSION = 0.1.0;
				PRODUCT_BUNDLE_IDENTIFIER = com.zhengyangxu.whetstone;
				PRODUCT_NAME = Whetstone;
				SDKROOT = macosx;
				SWIFT_EMIT_LOC_STRINGS = YES;
			};
			name = Debug;
		};
		72ECE4705E05843C5C7A6C49 /* Release */ = {
			isa = XCBuildConfiguration;
			buildSettings = {
				ALWAYS_SEARCH_USER_PATHS = NO;
				CLANG_ANALYZER_NONNULL = YES;
				CLANG_ANALYZER_NUMBER_OBJECT_CONVERSION = YES_AGGRESSIVE;
				CLANG_CXX_LANGUAGE_STANDARD = "gnu++14";
				CLANG_CXX_LIBRARY = "libc++";
				CLANG_ENABLE_MODULES = YES;
				CLANG_ENABLE_OBJC_ARC = YES;
				CLANG_ENABLE_OBJC_WEAK = YES;
				CLANG_WARN_BLOCK_CAPTURE_AUTORELEASING = YES;
				CLANG_WARN_BOOL_CONVERSION = YES;
				CLANG_WARN_COMMA = YES;
				CLANG_WARN_CONSTANT_CONVERSION = YES;
				CLANG_WARN_DEPRECATED_OBJC_IMPLEMENTATIONS = YES;
				CLANG_WARN_DIRECT_OBJC_ISA_USAGE = YES_ERROR;
				CLANG_WARN_DOCUMENTATION_COMMENTS = YES;
				CLANG_WARN_EMPTY_BODY = YES;
				CLANG_WARN_ENUM_CONVERSION = YES;
				CLANG_WARN_INFINITE_RECURSION = YES;
				CLANG_WARN_INT_CONVERSION = YES;
				CLANG_WARN_NON_LITERAL_NULL_CONVERSION = YES;
				CLANG_WARN_OBJC_IMPLICIT_RETAIN_SELF = YES;
				CLANG_WARN_OBJC_LITERAL_CONVERSION = YES;
				CLANG_WARN_OBJC_ROOT_CLASS = YES_ERROR;
				CLANG_WARN_QUOTED_INCLUDE_IN_FRAMEWORK_HEADER = YES;
				CLANG_WARN_RANGE_LOOP_ANALYSIS = YES;
				CLANG_WARN_STRICT_PROTOTYPES = YES;
				CLANG_WARN_SUSPICIOUS_MOVE = YES;
				CLANG_WARN_UNGUARDED_AVAILABILITY = YES_AGGRESSIVE;
				CLANG_WARN_UNREACHABLE_CODE = YES;
				CLANG_WARN__DUPLICATE_METHOD_MATCH = YES;
				CODE_SIGN_IDENTITY = "-";
				CODE_SIGN_STYLE = Automatic;
				COPY_PHASE_STRIP = NO;
				DEBUG_INFORMATION_FORMAT = "dwarf-with-dsym";
				DEVELOPMENT_TEAM = "";
				ENABLE_NS_ASSERTIONS = NO;
				ENABLE_STRICT_OBJC_MSGSEND = YES;
				GCC_C_LANGUAGE_STANDARD = gnu11;
				GCC_NO_COMMON_BLOCKS = YES;
				GCC_WARN_64_TO_32_BIT_CONVERSION = YES;
				GCC_WARN_ABOUT_RETURN_TYPE = YES_ERROR;
				GCC_WARN_UNDECLARED_SELECTOR = YES;
				GCC_WARN_UNINITIALIZED_AUTOS = YES_AGGRESSIVE;
				GCC_WARN_UNUSED_FUNCTION = YES;
				GCC_WARN_UNUSED_VARIABLE = YES;
				MACOSX_DEPLOYMENT_TARGET = 26.0;
				MTL_ENABLE_DEBUG_INFO = NO;
				MTL_FAST_MATH = YES;
				PRODUCT_NAME = "$(TARGET_NAME)";
				SDKROOT = macosx;
				SWIFT_COMPILATION_MODE = wholemodule;
				SWIFT_OPTIMIZATION_LEVEL = "-O";
				SWIFT_VERSION = 5.9;
			};
			name = Release;
		};
		8A955EF26F433DA17EC8E717 /* Debug */ = {
			isa = XCBuildConfiguration;
			buildSettings = {
				ALWAYS_SEARCH_USER_PATHS = NO;
				CLANG_ANALYZER_NONNULL = YES;
				CLANG_ANALYZER_NUMBER_OBJECT_CONVERSION = YES_AGGRESSIVE;
				CLANG_CXX_LANGUAGE_STANDARD = "gnu++14";
				CLANG_CXX_LIBRARY = "libc++";
				CLANG_ENABLE_MODULES = YES;
				CLANG_ENABLE_OBJC_ARC = YES;
				CLANG_ENABLE_OBJC_WEAK = YES;
				CLANG_WARN_BLOCK_CAPTURE_AUTORELEASING = YES;
				CLANG_WARN_BOOL_CONVERSION = YES;
				CLANG_WARN_COMMA = YES;
				CLANG_WARN_CONSTANT_CONVERSION = YES;
				CLANG_WARN_DEPRECATED_OBJC_IMPLEMENTATIONS = YES;
				CLANG_WARN_DIRECT_OBJC_ISA_USAGE = YES_ERROR;
				CLANG_WARN_DOCUMENTATION_COMMENTS = YES;
				CLANG_WARN_EMPTY_BODY = YES;
				CLANG_WARN_ENUM_CONVERSION = YES;
				CLANG_WARN_INFINITE_RECURSION = YES;
				CLANG_WARN_INT_CONVERSION = YES;
				CLANG_WARN_NON_LITERAL_NULL_CONVERSION = YES;
				CLANG_WARN_OBJC_IMPLICIT_RETAIN_SELF = YES;
				CLANG_WARN_OBJC_LITERAL_CONVERSION = YES;
				CLANG_WARN_OBJC_ROOT_CLASS = YES_ERROR;
				CLANG_WARN_QUOTED_INCLUDE_IN_FRAMEWORK_HEADER = YES;
				CLANG_WARN_RANGE_LOOP_ANALYSIS = YES;
				CLANG_WARN_STRICT_PROTOTYPES = YES;
				CLANG_WARN_SUSPICIOUS_MOVE = YES;
				CLANG_WARN_UNGUARDED_AVAILABILITY = YES_AGGRESSIVE;
				CLANG_WARN_UNREACHABLE_CODE = YES;
				CLANG_WARN__DUPLICATE_METHOD_MATCH = YES;
				CODE_SIGN_IDENTITY = "-";
				CODE_SIGN_STYLE = Automatic;
				COPY_PHASE_STRIP = NO;
				DEBUG_INFORMATION_FORMAT = dwarf;
				DEVELOPMENT_TEAM = "";
				ENABLE_STRICT_OBJC_MSGSEND = YES;
				ENABLE_TESTABILITY = YES;
				GCC_C_LANGUAGE_STANDARD = gnu11;
				GCC_DYNAMIC_NO_PIC = NO;
				GCC_NO_COMMON_BLOCKS = YES;
				GCC_OPTIMIZATION_LEVEL = 0;
				GCC_PREPROCESSOR_DEFINITIONS = (
					"$(inherited)",
					"DEBUG=1",
				);
				GCC_WARN_64_TO_32_BIT_CONVERSION = YES;
				GCC_WARN_ABOUT_RETURN_TYPE = YES_ERROR;
				GCC_WARN_UNDECLARED_SELECTOR = YES;
				GCC_WARN_UNINITIALIZED_AUTOS = YES_AGGRESSIVE;
				GCC_WARN_UNUSED_FUNCTION = YES;
				GCC_WARN_UNUSED_VARIABLE = YES;
				MACOSX_DEPLOYMENT_TARGET = 26.0;
				MTL_ENABLE_DEBUG_INFO = INCLUDE_SOURCE;
				MTL_FAST_MATH = YES;
				ONLY_ACTIVE_ARCH = YES;
				PRODUCT_NAME = "$(TARGET_NAME)";
				SDKROOT = macosx;
				SWIFT_ACTIVE_COMPILATION_CONDITIONS = DEBUG;
				SWIFT_OPTIMIZATION_LEVEL = "-Onone";
				SWIFT_VERSION = 5.9;
			};
			name = Debug;
		};
		D3730B0499BDC239DB18A46A /* Release */ = {
			isa = XCBuildConfiguration;
			buildSettings = {
				ASSETCATALOG_COMPILER_APPICON_NAME = AppIcon;
				ASSETCATALOG_COMPILER_GLOBAL_ACCENT_COLOR_NAME = AccentColor;
				CODE_SIGN_ENTITLEMENTS = Whetstone/Whetstone.entitlements;
				COMBINE_HIDPI_IMAGES = YES;
				CURRENT_PROJECT_VERSION = 1;
				ENABLE_HARDENED_RUNTIME = YES;
				ENABLE_PREVIEWS = YES;
				INFOPLIST_FILE = Whetstone/Info.plist;
				LD_RUNPATH_SEARCH_PATHS = (
					"$(inherited)",
					"@executable_path/../Frameworks",
				);
				MACOSX_DEPLOYMENT_TARGET = 26.0;
				MARKETING_VERSION = 0.1.0;
				PRODUCT_BUNDLE_IDENTIFIER = com.zhengyangxu.whetstone;
				PRODUCT_NAME = Whetstone;
				SDKROOT = macosx;
				SWIFT_EMIT_LOC_STRINGS = YES;
			};
			name = Release;
		};
/* End XCBuildConfiguration section */

/* Begin XCConfigurationList section */
		3C13CC613A91C5C0A146B522 /* Build configuration list for PBXNativeTarget "Whetstone" */ = {
			isa = XCConfigurationList;
			buildConfigurations = (
				3E84CC8CA80DEFF836D6DED2 /* Debug */,
				D3730B0499BDC239DB18A46A /* Release */,
			);
			defaultConfigurationIsVisible = 0;
			defaultConfigurationName = Debug;
		};
		CB3C2F07906A93787F9C364A /* Build configuration list for PBXProject "Whetstone" */ = {
			isa = XCConfigurationList;
			buildConfigurations = (
				8A955EF26F433DA17EC8E717 /* Debug */,
				72ECE4705E05843C5C7A6C49 /* Release */,
			);
			defaultConfigurationIsVisible = 0;
			defaultConfigurationName = Debug;
		};
/* End XCConfigurationList section */

/* Begin XCLocalSwiftPackageReference section */
		5AFD1A85CB146DC4C98C3C15 /* XCLocalSwiftPackageReference "Packages/WhetstoneCore" */ = {
			isa = XCLocalSwiftPackageReference;
			relativePath = Packages/WhetstoneCore;
		};
/* End XCLocalSwiftPackageReference section */

/* Begin XCRemoteSwiftPackageReference section */
		CBA9AA904683F04CC07A63FF /* XCRemoteSwiftPackageReference "Sparkle" */ = {
			isa = XCRemoteSwiftPackageReference;
			repositoryURL = "https://github.com/sparkle-project/Sparkle";
			requirement = {
				kind = upToNextMajorVersion;
				minimumVersion = 2.6.0;
			};
		};
/* End XCRemoteSwiftPackageReference section */

/* Begin XCSwiftPackageProductDependency section */
		0E37FC53A24048B0A0B14560 /* WhetstoneCore */ = {
			isa = XCSwiftPackageProductDependency;
			productName = WhetstoneCore;
		};
		6735A56D04DB2339F919E8AC /* Sparkle */ = {
			isa = XCSwiftPackageProductDependency;
			package = CBA9AA904683F04CC07A63FF /* XCRemoteSwiftPackageReference "Sparkle" */;
			productName = Sparkle;
		};
/* End XCSwiftPackageProductDependency section */
	};
	rootObject = CE3455D8F877486C2502E878 /* Project object */;
}
